// !$*UTF8*$!
{
	archiveVersion = 1;
	classes = {
	};
	objectVersion = 77;
	objects = {

/* Begin PBXBuildFile section */
		EEEEE111FACEBEEF00000001 /* CoreEngine in Frameworks */ = {isa = PBXBuildFile; productRef = EEEEE115FACEBEEF00000005 /* CoreEngine */; };
		EEEEE112FACEBEEF00000002 /* AppAdapters in Frameworks */ = {isa = PBXBuildFile; productRef = EEEEE116FACEBEEF00000006 /* AppAdapters */; };
		EEEEE113FACEBEEF00000003 /* CoreEngine in Frameworks */ = {isa = PBXBuildFile; productRef = EEEEE117FACEBEEF00000007 /* CoreEngine */; };
		EEEEE114FACEBEEF00000004 /* AppAdapters in Frameworks */ = {isa = PBXBuildFile; productRef = EEEEE118FACEBEEF00000008 /* AppAdapters */; };
/* End PBXBuildFile section */

/* Begin PBXContainerItemProxy section */
		5B86FEAE2EE3201F00482C26 /* PBXContainerItemProxy */ = {
			isa = PBXContainerItemProxy;
			containerPortal = 5B86E53D2EE19FAD00482C26 /* Project object */;
			proxyType = 1;
			remoteGlobalIDString = 5B86E5442EE19FAD00482C26;
			remoteInfo = "entelechia-chat";
		};
/* End PBXContainerItemProxy section */

/* Begin PBXFileReference section */
		5B86E5452EE19FAD00482C26 /* entelechia-chat.app */ = {isa = PBXFileReference; explicitFileType = wrapper.application; includeInIndex = 0; path = "entelechia-chat.app"; sourceTree = BUILT_PRODUCTS_DIR; };
		5B86FEAA2EE3201F00482C26 /* entelechia-chatTests.xctest */ = {isa = PBXFileReference; explicitFileType = wrapper.cfbundle; includeInIndex = 0; path = "entelechia-chatTests.xctest"; sourceTree = BUILT_PRODUCTS_DIR; };
/* End PBXFileReference section */

/* Begin PBXFileSystemSynchronizedRootGroup section */
		5B86E5472EE19FAD00482C26 /* ChatUI */ = {
			isa = PBXFileSystemSynchronizedRootGroup;
			path = ChatUI;
			sourceTree = "<group>";
		};
		5B86FEAB2EE3201F00482C26 /* entelechia-chatTests */ = {
			isa = PBXFileSystemSynchronizedRootGroup;
			path = "entelechia-chatTests";
			sourceTree = "<group>";
		};
/* End PBXFileSystemSynchronizedRootGroup section */

/* Begin PBXFrameworksBuildPhase section */
		5B86E5422EE19FAD00482C26 /* Frameworks */ = {
			isa = PBXFrameworksBuildPhase;
			buildActionMask = 2147483647;
			files = (
				EEEEE111FACEBEEF00000001 /* CoreEngine in Frameworks */,
				EEEEE112FACEBEEF00000002 /* AppAdapters in Frameworks */,
			);
			runOnlyForDeploymentPostprocessing = 0;
		};
		5B86FEA72EE3201F00482C26 /* Frameworks */ = {
			isa = PBXFrameworksBuildPhase;
			buildActionMask = 2147483647;
			files = (
				EEEEE113FACEBEEF00000003 /* CoreEngine in Frameworks */,
				EEEEE114FACEBEEF00000004 /* AppAdapters in Frameworks */,
			);
			runOnlyForDeploymentPostprocessing = 0;
		};
/* End PBXFrameworksBuildPhase section */

/* Begin PBXGroup section */
		5B86E53C2EE19FAD00482C26 = {
			isa = PBXGroup;
			children = (
				5B86E5472EE19FAD00482C26 /* ChatUI */,
				5B86FEAB2EE3201F00482C26 /* entelechia-chatTests */,
				5B86E5462EE19FAD00482C26 /* Products */,
			);
			sourceTree = "<group>";
		};
		5B86E5462EE19FAD00482C26 /* Products */ = {
			isa = PBXGroup;
			children = (
				5B86E5452EE19FAD00482C26 /* entelechia-chat.app */,
				5B86FEAA2EE3201F00482C26 /* entelechia-chatTests.xctest */,
			);
			name = Products;
			sourceTree = "<group>";
		};
/* End PBXGroup section */

/* Begin PBXNativeTarget section */
		5B86E5442EE19FAD00482C26 /* entelechia-chat */ = {
			isa = PBXNativeTarget;
			buildConfigurationList = 5B86E5502EE19FAF00482C26 /* Build configuration list for PBXNativeTarget "entelechia-chat" */;
			buildPhases = (
				5B86E5412EE19FAD00482C26 /* Sources */,
				5B86E5422EE19FAD00482C26 /* Frameworks */,
				5B86E5432EE19FAD00482C26 /* Resources */,
			);
			buildRules = (
			);
			dependencies = (
			);
			fileSystemSynchronizedGroups = (
				5B86E5472EE19FAD00482C26 /* ChatUI */,
			);
			name = "entelechia-chat";
			packageProductDependencies = (
				EEEEE115FACEBEEF00000005 /* CoreEngine */,
				EEEEE116FACEBEEF00000006 /* AppAdapters */,
			);
			productName = "entelechia-chat";
			productReference = 5B86E5452EE19FAD00482C26 /* entelechia-chat.app */;
			productType = "com.apple.product-type.application";
		};
		5B86FEA92EE3201F00482C26 /* entelechia-chatTests */ = {
			isa = PBXNativeTarget;
			buildConfigurationList = 5B86FEB02EE3201F00482C26 /* Build configuration list for PBXNativeTarget "entelechia-chatTests" */;
			buildPhases = (
				5B86FEA62EE3201F00482C26 /* Sources */,
				5B86FEA72EE3201F00482C26 /* Frameworks */,
				5B86FEA82EE3201F00482C26 /* Resources */,
			);
			buildRules = (
			);
			dependencies = (
				5B86FEAF2EE3201F00482C26 /* PBXTargetDependency */,
			);
			fileSystemSynchronizedGroups = (
				5B86FEAB2EE3201F00482C26 /* entelechia-chatTests */,
			);
			name = "entelechia-chatTests";
			packageProductDependencies = (
				EEEEE117FACEBEEF00000007 /* CoreEngine */,
				EEEEE118FACEBEEF00000008 /* AppAdapters */,
			);
			productName = "entelechia-chatTests";
			productReference = 5B86FEAA2EE3201F00482C26 /* entelechia-chatTests.xctest */;
			productType = "com.apple.product-type.bundle.unit-test";
		};
/* End PBXNativeTarget section */

/* Begin PBXProject section */
		5B86E53D2EE19FAD00482C26 /* Project object */ = {
			isa = PBXProject;
			attributes = {
				BuildIndependentTargetsInParallel = 1;
				LastSwiftUpdateCheck = 2610;
				LastUpgradeCheck = 2610;
				TargetAttributes = {
					5B86E5442EE19FAD00482C26 = {
						CreatedOnToolsVersion = 26.1.1;
					};
					5B86FEA92EE3201F00482C26 = {
						CreatedOnToolsVersion = 26.1.1;
						TestTargetID = 5B86E5442EE19FAD00482C26;
					};
				};
			};
			buildConfigurationList = 5B86E5402EE19FAD00482C26 /* Build configuration list for PBXProject "entelechia-chat" */;
			developmentRegion = en;
			hasScannedForEncodings = 0;
			knownRegions = (
				en,
				Base,
			);
			mainGroup = 5B86E53C2EE19FAD00482C26;
			minimizedProjectReferenceProxies = 1;
			packageReferences = (
				EEEEE119FACEBEEF00000009 /* XCLocalSwiftPackageReference "CoreEngine" */,
				EEEEE11AFACEBEEF0000000A /* XCLocalSwiftPackageReference "AppAdapters" */,
			);
			preferredProjectObjectVersion = 77;
			productRefGroup = 5B86E5462EE19FAD00482C26 /* Products */;
			projectDirPath = "";
			projectRoot = "";
			targets = (
				5B86E5442EE19FAD00482C26 /* entelechia-chat */,
				5B86FEA92EE3201F00482C26 /* entelechia-chatTests */,
			);
		};
/* End PBXProject section */

/* Begin PBXResourcesBuildPhase section */
		5B86E5432EE19FAD00482C26 /* Resources */ = {
			isa = PBXResourcesBuildPhase;
			buildActionMask = 2147483647;
			files = (
			);
			runOnlyForDeploymentPostprocessing = 0;
		};
		5B86FEA82EE3201F00482C26 /* Resources */ = {
			isa = PBXResourcesBuildPhase;
			buildActionMask = 2147483647;
			files = (
			);
			runOnlyForDeploymentPostprocessing = 0;
		};
/* End PBXResourcesBuildPhase section */

/* Begin PBXSourcesBuildPhase section */
		5B86E5412EE19FAD00482C26 /* Sources */ = {
			isa = PBXSourcesBuildPhase;
			buildActionMask = 2147483647;
			files = (
			);
			runOnlyForDeploymentPostprocessing = 0;
		};
		5B86FEA62EE3201F00482C26 /* Sources */ = {
			isa = PBXSourcesBuildPhase;
			buildActionMask = 2147483647;
			files = (
			);
			runOnlyForDeploymentPostprocessing = 0;
		};
/* End PBXSourcesBuildPhase section */

/* Begin PBXTargetDependency section */
		5B86FEAF2EE3201F00482C26 /* PBXTargetDependency */ = {
			isa = PBXTargetDependency;
			target = 5B86E5442EE19FAD00482C26 /* entelechia-chat */;
			targetProxy = 5B86FEAE2EE3201F00482C26 /* PBXContainerItemProxy */;
		};
/* End PBXTargetDependency section */

/* Begin XCBuildConfiguration section */
		5B86E54E2EE19FAF00482C26 /* Debug */ = {
			isa = XCBuildConfiguration;
			buildSettings = {
				ALWAYS_SEARCH_USER_PATHS = NO;
				ASSETCATALOG_COMPILER_GENERATE_SWIFT_ASSET_SYMBOL_EXTENSIONS = YES;
				CLANG_ANALYZER_NONNULL = YES;
				CLANG_ANALYZER_NUMBER_OBJECT_CONVERSION = YES_AGGRESSIVE;
				CLANG_CXX_LANGUAGE_STANDARD = "gnu++20";
				CLANG_ENABLE_MODULES = YES;
				CLANG_ENABLE_OBJC_ARC = YES;
				CLANG_ENABLE_OBJC_WEAK = YES;
				CLANG_WARN_BLOCK_CAPTURE_AUTORELEASING = YES;
				CLANG_WARN_BOOL_CONVERSION = YES;
				CLANG_WARN_COMMA = YES;
				CLANG_WARN_CONSTANT_CONVERSION = YES;
				CLANG_WARN_DEPRECATED_OBJC_IMPLEMENTATIONS = YES;
				CLANG_WARN_DIRECT_OBJC_ISA_USAGE = YES_ERROR;
				CLANG_WARN_DOCUMENTATION_COMMENTS = YES;
				CLANG_WARN_EMPTY_BODY = YES;
				CLANG_WARN_ENUM_CONVERSION = YES;
				CLANG_WARN_INFINITE_RECURSION = YES;
				CLANG_WARN_INT_CONVERSION = YES;
				CLANG_WARN_NON_LITERAL_NULL_CONVERSION = YES;
				CLANG_WARN_OBJC_IMPLICIT_RETAIN_SELF = YES;
				CLANG_WARN_OBJC_LITERAL_CONVERSION = YES;
				CLANG_WARN_OBJC_ROOT_CLASS = YES_ERROR;
				CLANG_WARN_QUOTED_INCLUDE_IN_FRAMEWORK_HEADER = YES;
				CLANG_WARN_RANGE_LOOP_ANALYSIS = YES;
				CLANG_WARN_STRICT_PROTOTYPES = YES;
				CLANG_WARN_SUSPICIOUS_MOVE = YES;
				CLANG_WARN_UNGUARDED_AVAILABILITY = YES_AGGRESSIVE;
				CLANG_WARN_UNREACHABLE_CODE = YES;
				CLANG_WARN__DUPLICATE_METHOD_MATCH = YES;
				COPY_PHASE_STRIP = NO;
				DEBUG_INFORMATION_FORMAT = dwarf;
				ENABLE_STRICT_OBJC_MSGSEND = YES;
				ENABLE_TESTABILITY = YES;
				ENABLE_USER_SCRIPT_SANDBOXING = YES;
				EXCLUDED_RECURSIVE_SEARCH_PATH_SUBDIRECTORIES = ".git .build .swift-module-cache";
				EXCLUDED_SOURCE_FILE_NAMES = (
					Folder.ent,
					Folder.topology.json,
					generateOntology.swift,
				);
				GCC_C_LANGUAGE_STANDARD = gnu17;
				GCC_DYNAMIC_NO_PIC = NO;
				GCC_NO_COMMON_BLOCKS = YES;
				GCC_OPTIMIZATION_LEVEL = 0;
				GCC_PREPROCESSOR_DEFINITIONS = (
					"DEBUG=1",
					"$(inherited)",
				);
				GCC_WARN_64_TO_32_BIT_CONVERSION = YES;
				GCC_WARN_ABOUT_RETURN_TYPE = YES_ERROR;
				GCC_WARN_UNDECLARED_SELECTOR = YES;
				GCC_WARN_UNINITIALIZED_AUTOS = YES_AGGRESSIVE;
				GCC_WARN_UNUSED_FUNCTION = YES;
				GCC_WARN_UNUSED_VARIABLE = YES;
				LOCALIZATION_PREFERS_STRING_CATALOGS = YES;
				MACOSX_DEPLOYMENT_TARGET = 26.1;
				MTL_ENABLE_DEBUG_INFO = INCLUDE_SOURCE;
				MTL_FAST_MATH = YES;
				ONLY_ACTIVE_ARCH = YES;
				SDKROOT = macosx;
				SWIFT_ACTIVE_COMPILATION_CONDITIONS = "DEBUG $(inherited)";
				SWIFT_OPTIMIZATION_LEVEL = "-Onone";
			};
			name = Debug;
		};
		5B86E54F2EE19FAF00482C26 /* Release */ = {
			isa = XCBuildConfiguration;
			buildSettings = {
				ALWAYS_SEARCH_USER_PATHS = NO;
				ASSETCATALOG_COMPILER_GENERATE_SWIFT_ASSET_SYMBOL_EXTENSIONS = YES;
				CLANG_ANALYZER_NONNULL = YES;
				CLANG_ANALYZER_NUMBER_OBJECT_CONVERSION = YES_AGGRESSIVE;
				CLANG_CXX_LANGUAGE_STANDARD = "gnu++20";
				CLANG_ENABLE_MODULES = YES;
				CLANG_ENABLE_OBJC_ARC = YES;
				CLANG_ENABLE_OBJC_WEAK = YES;
				CLANG_WARN_BLOCK_CAPTURE_AUTORELEASING = YES;
				CLANG_WARN_BOOL_CONVERSION = YES;
				CLANG_WARN_COMMA = YES;
				CLANG_WARN_CONSTANT_CONVERSION = YES;
				CLANG_WARN_DEPRECATED_OBJC_IMPLEMENTATIONS = YES;
				CLANG_WARN_DIRECT_OBJC_ISA_USAGE = YES_ERROR;
				CLANG_WARN_DOCUMENTATION_COMMENTS = YES;
				CLANG_WARN_EMPTY_BODY = YES;
				CLANG_WARN_ENUM_CONVERSION = YES;
				CLANG_WARN_INFINITE_RECURSION = YES;
				CLANG_WARN_INT_CONVERSION = YES;
				CLANG_WARN_NON_LITERAL_NULL_CONVERSION = YES;
				CLANG_WARN_OBJC_IMPLICIT_RETAIN_SELF = YES;
				CLANG_WARN_OBJC_LITERAL_CONVERSION = YES;
				CLANG_WARN_OBJC_ROOT_CLASS = YES_ERROR;
				CLANG_WARN_QUOTED_INCLUDE_IN_FRAMEWORK_HEADER = YES;
				CLANG_WARN_RANGE_LOOP_ANALYSIS = YES;
				CLANG_WARN_STRICT_PROTOTYPES = YES;
				CLANG_WARN_SUSPICIOUS_MOVE = YES;
				CLANG_WARN_UNGUARDED_AVAILABILITY = YES_AGGRESSIVE;
				CLANG_WARN_UNREACHABLE_CODE = YES;
				CLANG_WARN__DUPLICATE_METHOD_MATCH = YES;
				COPY_PHASE_STRIP = NO;
				DEBUG_INFORMATION_FORMAT = "dwarf-with-dsym";
				ENABLE_NS_ASSERTIONS = NO;
				ENABLE_STRICT_OBJC_MSGSEND = YES;
				ENABLE_USER_SCRIPT_SANDBOXING = YES;
				EXCLUDED_RECURSIVE_SEARCH_PATH_SUBDIRECTORIES = ".git .build .swift-module-cache";
				EXCLUDED_SOURCE_FILE_NAMES = (
					Folder.ent,
					Folder.topology.json,
					generateOntology.swift,
				);
				GCC_C_LANGUAGE_STANDARD = gnu17;
				GCC_NO_COMMON_BLOCKS = YES;
				GCC_WARN_64_TO_32_BIT_CONVERSION = YES;
				GCC_WARN_ABOUT_RETURN_TYPE = YES_ERROR;
				GCC_WARN_UNDECLARED_SELECTOR = YES;
				GCC_WARN_UNINITIALIZED_AUTOS = YES_AGGRESSIVE;
				GCC_WARN_UNUSED_FUNCTION = YES;
				GCC_WARN_UNUSED_VARIABLE = YES;
				LOCALIZATION_PREFERS_STRING_CATALOGS = YES;
				MACOSX_DEPLOYMENT_TARGET = 26.1;
				MTL_ENABLE_DEBUG_INFO = NO;
				MTL_FAST_MATH = YES;
				SDKROOT = macosx;
				SWIFT_COMPILATION_MODE = wholemodule;
			};
			name = Release;
		};
		5B86E5512EE19FAF00482C26 /* Debug */ = {
			isa = XCBuildConfiguration;
			buildSettings = {
				ASSETCATALOG_COMPILER_APPICON_NAME = AppIcon;
				ASSETCATALOG_COMPILER_GLOBAL_ACCENT_COLOR_NAME = AccentColor;
				CODE_SIGN_STYLE = Automatic;
				COMBINE_HIDPI_IMAGES = YES;
				CURRENT_PROJECT_VERSION = 1;
				ENABLE_APP_SANDBOX = YES;
				ENABLE_PREVIEWS = YES;
				ENABLE_USER_SELECTED_FILES = readonly;
				GENERATE_INFOPLIST_FILE = YES;
				INFOPLIST_KEY_NSHumanReadableCopyright = "";
				LD_RUNPATH_SEARCH_PATHS = (
					"$(inherited)",
					"@executable_path/../Frameworks",
				);
				MARKETING_VERSION = 1.0;
				PRODUCT_BUNDLE_IDENTIFIER = "cath.entelechia-chat";
				PRODUCT_NAME = "$(TARGET_NAME)";
				REGISTER_APP_GROUPS = YES;
				STRING_CATALOG_GENERATE_SYMBOLS = YES;
				SWIFT_APPROACHABLE_CONCURRENCY = YES;
				SWIFT_EMIT_LOC_STRINGS = YES;
				SWIFT_UPCOMING_FEATURE_MEMBER_IMPORT_VISIBILITY = YES;
				SWIFT_VERSION = 5.0;
			};
			name = Debug;
		};
		5B86E5522EE19FAF00482C26 /* Release */ = {
			isa = XCBuildConfiguration;
			buildSettings = {
				ASSETCATALOG_COMPILER_APPICON_NAME = AppIcon;
				ASSETCATALOG_COMPILER_GLOBAL_ACCENT_COLOR_NAME = AccentColor;
				CODE_SIGN_STYLE = Automatic;
				COMBINE_HIDPI_IMAGES = YES;
				CURRENT_PROJECT_VERSION = 1;
				ENABLE_APP_SANDBOX = YES;
				ENABLE_PREVIEWS = YES;
				ENABLE_USER_SELECTED_FILES = readonly;
				GENERATE_INFOPLIST_FILE = YES;
				INFOPLIST_KEY_NSHumanReadableCopyright = "";
				LD_RUNPATH_SEARCH_PATHS = (
					"$(inherited)",
					"@executable_path/../Frameworks",
				);
				MARKETING_VERSION = 1.0;
				PRODUCT_BUNDLE_IDENTIFIER = "cath.entelechia-chat";
				PRODUCT_NAME = "$(TARGET_NAME)";
				REGISTER_APP_GROUPS = YES;
				STRING_CATALOG_GENERATE_SYMBOLS = YES;
				SWIFT_APPROACHABLE_CONCURRENCY = YES;
				SWIFT_EMIT_LOC_STRINGS = YES;
				SWIFT_UPCOMING_FEATURE_MEMBER_IMPORT_VISIBILITY = YES;
				SWIFT_VERSION = 5.0;
			};
			name = Release;
		};
		5B86FEB12EE3201F00482C26 /* Debug */ = {
			isa = XCBuildConfiguration;
			buildSettings = {
				BUNDLE_LOADER = "$(TEST_HOST)";
				CODE_SIGN_STYLE = Automatic;
				CURRENT_PROJECT_VERSION = 1;
				GENERATE_INFOPLIST_FILE = YES;
				MARKETING_VERSION = 1.0;
				PRODUCT_BUNDLE_IDENTIFIER = "cath.entelechia-chatTests";
				PRODUCT_NAME = "$(TARGET_NAME)";
				STRING_CATALOG_GENERATE_SYMBOLS = NO;
				SWIFT_APPROACHABLE_CONCURRENCY = YES;
				SWIFT_EMIT_LOC_STRINGS = NO;
				SWIFT_UPCOMING_FEATURE_MEMBER_IMPORT_VISIBILITY = YES;
				SWIFT_VERSION = 5.0;
				TEST_HOST = "$(BUILT_PRODUCTS_DIR)/entelechia-chat.app/$(BUNDLE_EXECUTABLE_FOLDER_PATH)/entelechia-chat";
			};
			name = Debug;
		};
		5B86FEB22EE3201F00482C26 /* Release */ = {
			isa = XCBuildConfiguration;
			buildSettings = {
				BUNDLE_LOADER = "$(TEST_HOST)";
				CODE_SIGN_STYLE = Automatic;
				CURRENT_PROJECT_VERSION = 1;
				GENERATE_INFOPLIST_FILE = YES;
				MARKETING_VERSION = 1.0;
				PRODUCT_BUNDLE_IDENTIFIER = "cath.entelechia-chatTests";
				PRODUCT_NAME = "$(TARGET_NAME)";
				STRING_CATALOG_GENERATE_SYMBOLS = NO;
				SWIFT_APPROACHABLE_CONCURRENCY = YES;
				SWIFT_EMIT_LOC_STRINGS = NO;
				SWIFT_UPCOMING_FEATURE_MEMBER_IMPORT_VISIBILITY = YES;
				SWIFT_VERSION = 5.0;
				TEST_HOST = "$(BUILT_PRODUCTS_DIR)/entelechia-chat.app/$(BUNDLE_EXECUTABLE_FOLDER_PATH)/entelechia-chat";
			};
			name = Release;
		};
/* End XCBuildConfiguration section */

/* Begin XCConfigurationList section */
		5B86E5402EE19FAD00482C26 /* Build configuration list for PBXProject "entelechia-chat" */ = {
			isa = XCConfigurationList;
			buildConfigurations = (
				5B86E54E2EE19FAF00482C26 /* Debug */,
				5B86E54F2EE19FAF00482C26 /* Release */,
			);
			defaultConfigurationIsVisible = 0;
			defaultConfigurationName = Release;
		};
		5B86E5502EE19FAF00482C26 /* Build configuration list for PBXNativeTarget "entelechia-chat" */ = {
			isa = XCConfigurationList;
			buildConfigurations = (
				5B86E5512EE19FAF00482C26 /* Debug */,
				5B86E5522EE19FAF00482C26 /* Release */,
			);
			defaultConfigurationIsVisible = 0;
			defaultConfigurationName = Release;
		};
		5B86FEB02EE3201F00482C26 /* Build configuration list for PBXNativeTarget "entelechia-chatTests" */ = {
			isa = XCConfigurationList;
			buildConfigurations = (
				5B86FEB12EE3201F00482C26 /* Debug */,
				5B86FEB22EE3201F00482C26 /* Release */,
			);
			defaultConfigurationIsVisible = 0;
			defaultConfigurationName = Release;
		};
/* End XCConfigurationList section */

/* Begin XCLocalSwiftPackageReference section */
		EEEEE119FACEBEEF00000009 /* XCLocalSwiftPackageReference "CoreEngine" */ = {
			isa = XCLocalSwiftPackageReference;
			relativePath = CoreEngine;
		};
		EEEEE11AFACEBEEF0000000A /* XCLocalSwiftPackageReference "AppAdapters" */ = {
			isa = XCLocalSwiftPackageReference;
			relativePath = AppAdapters;
		};
/* End XCLocalSwiftPackageReference section */

/* Begin XCSwiftPackageProductDependency section */
		EEEEE115FACEBEEF00000005 /* CoreEngine */ = {
			isa = XCSwiftPackageProductDependency;
			package = EEEEE119FACEBEEF00000009 /* XCLocalSwiftPackageReference "CoreEngine" */;
			productName = CoreEngine;
		};
		EEEEE116FACEBEEF00000006 /* AppAdapters */ = {
			isa = XCSwiftPackageProductDependency;
			package = EEEEE11AFACEBEEF0000000A /* XCLocalSwiftPackageReference "AppAdapters" */;
			productName = AppAdapters;
		};
		EEEEE117FACEBEEF00000007 /* CoreEngine */ = {
			isa = XCSwiftPackageProductDependency;
			package = EEEEE119FACEBEEF00000009 /* XCLocalSwiftPackageReference "CoreEngine" */;
			productName = CoreEngine;
		};
		EEEEE118FACEBEEF00000008 /* AppAdapters */ = {
			isa = XCSwiftPackageProductDependency;
			package = EEEEE11AFACEBEEF0000000A /* XCLocalSwiftPackageReference "AppAdapters" */;
			productName = AppAdapters;
		};
/* End XCSwiftPackageProductDependency section */
	};
	rootObject = 5B86E53D2EE19FAD00482C26 /* Project object */;
}
