// !$*UTF8*$!
{
	archiveVersion = 1;
	classes = {
	};
	objectVersion = 77;
	objects = {

/* Begin PBXBuildFile section */
		5B86B9802EE741B600482C26 /* ChatUI in Frameworks */ = {isa = PBXBuildFile; productRef = 5B86B97F2EE741B600482C26 /* ChatUI */; };
		5BB6E2172EE775D90077AB81 /* ChatUI in Frameworks */ = {isa = PBXBuildFile; productRef = 5BB6E2162EE775D90077AB81 /* ChatUI */; };
		5BB6E2362EE810E90077AB81 /* OntologyDomain in Frameworks */ = {isa = PBXBuildFile; productRef = 5BB6E2352EE810E90077AB81 /* OntologyDomain */; };
		5BB6E2392EE810F40077AB81 /* OntologyIntegration in Frameworks */ = {isa = PBXBuildFile; productRef = 5BB6E2382EE810F40077AB81 /* OntologyIntegration */; };
		5BB6E23C2EE811010077AB81 /* OntologyFractal in Frameworks */ = {isa = PBXBuildFile; productRef = 5BB6E23B2EE811010077AB81 /* OntologyFractal */; };
		5BB6E23F2EE8110B0077AB81 /* OntologyIntelligence in Frameworks */ = {isa = PBXBuildFile; productRef = 5BB6E23E2EE8110B0077AB81 /* OntologyIntelligence */; };
		5BB6E2422EE811150077AB81 /* OntologyTeleology in Frameworks */ = {isa = PBXBuildFile; productRef = 5BB6E2412EE811150077AB81 /* OntologyTeleology */; };
		5BB6E2452EE8111F0077AB81 /* OntologyState in Frameworks */ = {isa = PBXBuildFile; productRef = 5BB6E2442EE8111F0077AB81 /* OntologyState */; };
		5BB6E2482EE811320077AB81 /* OntologyAct in Frameworks */ = {isa = PBXBuildFile; productRef = 5BB6E2472EE811320077AB81 /* OntologyAct */; };
		5BB6E24B2EE8113C0077AB81 /* OntologyCore in Frameworks */ = {isa = PBXBuildFile; productRef = 5BB6E24A2EE8113C0077AB81 /* OntologyCore */; };
		5BB6E24E2EE811520077AB81 /* AppCoreEngine in Frameworks */ = {isa = PBXBuildFile; productRef = 5BB6E24D2EE811520077AB81 /* AppCoreEngine */; };
/* End PBXBuildFile section */

/* Begin PBXFileReference section */
		5B86B9732EE7413C00482C26 /* EntelechiaChat.app */ = {isa = PBXFileReference; explicitFileType = wrapper.application; includeInIndex = 0; path = EntelechiaChat.app; sourceTree = BUILT_PRODUCTS_DIR; };
		5B86E5452EE19FAD00482C26 /* ChatUI.app */ = {isa = PBXFileReference; explicitFileType = wrapper.application; includeInIndex = 0; path = ChatUI.app; sourceTree = BUILT_PRODUCTS_DIR; };
		5B86FEAA2EE3201F00482C26 /* ChatUITests.xctest */ = {isa = PBXFileReference; explicitFileType = wrapper.cfbundle; includeInIndex = 0; path = ChatUITests.xctest; sourceTree = BUILT_PRODUCTS_DIR; };
/* End PBXFileReference section */

/* Begin PBXFileSystemSynchronizedRootGroup section */
		5B86B9742EE7413C00482C26 /* EntelechiaChat */ = {
			isa = PBXFileSystemSynchronizedRootGroup;
			path = EntelechiaChat;
			sourceTree = "<group>";
		};
/* End PBXFileSystemSynchronizedRootGroup section */

/* Begin PBXFrameworksBuildPhase section */
		5B86B9702EE7413C00482C26 /* Frameworks */ = {
			isa = PBXFrameworksBuildPhase;
			buildActionMask = 2147483647;
			files = (
				5BB6E2172EE775D90077AB81 /* ChatUI in Frameworks */,
				5BB6E2452EE8111F0077AB81 /* OntologyState in Frameworks */,
				5BB6E24E2EE811520077AB81 /* AppCoreEngine in Frameworks */,
				5BB6E24B2EE8113C0077AB81 /* OntologyCore in Frameworks */,
				5BB6E2482EE811320077AB81 /* OntologyAct in Frameworks */,
				5B86B9802EE741B600482C26 /* ChatUI in Frameworks */,
				5BB6E23F2EE8110B0077AB81 /* OntologyIntelligence in Frameworks */,
				5BB6E2392EE810F40077AB81 /* OntologyIntegration in Frameworks */,
				5BB6E2362EE810E90077AB81 /* OntologyDomain in Frameworks */,
				5BB6E2422EE811150077AB81 /* OntologyTeleology in Frameworks */,
				5BB6E23C2EE811010077AB81 /* OntologyFractal in Frameworks */,
			);
			runOnlyForDeploymentPostprocessing = 0;
		};
/* End PBXFrameworksBuildPhase section */

/* Begin PBXGroup section */
		5B86B97E2EE741B600482C26 /* Frameworks */ = {
			isa = PBXGroup;
			children = (
			);
			name = Frameworks;
			sourceTree = "<group>";
		};
		5B86E53C2EE19FAD00482C26 = {
			isa = PBXGroup;
			children = (
				5B86B9742EE7413C00482C26 /* EntelechiaChat */,
				5B86B97E2EE741B600482C26 /* Frameworks */,
				5B86E5462EE19FAD00482C26 /* Products */,
			);
			sourceTree = "<group>";
		};
		5B86E5462EE19FAD00482C26 /* Products */ = {
			isa = PBXGroup;
			children = (
				5B86E5452EE19FAD00482C26 /* ChatUI.app */,
				5B86FEAA2EE3201F00482C26 /* ChatUITests.xctest */,
				5B86B9732EE7413C00482C26 /* EntelechiaChat.app */,
			);
			name = Products;
			sourceTree = "<group>";
		};
/* End PBXGroup section */

/* Begin PBXNativeTarget section */
		5B86B9722EE7413C00482C26 /* EntelechiaChat */ = {
			isa = PBXNativeTarget;
			buildConfigurationList = 5B86B97B2EE7413F00482C26 /* Build configuration list for PBXNativeTarget "EntelechiaChat" */;
			buildPhases = (
				5B86B96F2EE7413C00482C26 /* Sources */,
				5B86B9702EE7413C00482C26 /* Frameworks */,
				5B86B9712EE7413C00482C26 /* Resources */,
			);
			buildRules = (
			);
			dependencies = (
			);
			fileSystemSynchronizedGroups = (
				5B86B9742EE7413C00482C26 /* EntelechiaChat */,
			);
			name = EntelechiaChat;
			packageProductDependencies = (
				5B86B97F2EE741B600482C26 /* ChatUI */,
				5BB6E2162EE775D90077AB81 /* ChatUI */,
				5BB6E2352EE810E90077AB81 /* OntologyDomain */,
				5BB6E2382EE810F40077AB81 /* OntologyIntegration */,
				5BB6E23B2EE811010077AB81 /* OntologyFractal */,
				5BB6E23E2EE8110B0077AB81 /* OntologyIntelligence */,
				5BB6E2412EE811150077AB81 /* OntologyTeleology */,
				5BB6E2442EE8111F0077AB81 /* OntologyState */,
				5BB6E2472EE811320077AB81 /* OntologyAct */,
				5BB6E24A2EE8113C0077AB81 /* OntologyCore */,
				5BB6E24D2EE811520077AB81 /* AppCoreEngine */,
				5BB6E2882EE847350077AB81 /* AppComposition */,
			);
			productName = EntelechiaChat;
			productReference = 5B86B9732EE7413C00482C26 /* EntelechiaChat.app */;
			productType = "com.apple.product-type.application";
		};
/* End PBXNativeTarget section */

/* Begin PBXProject section */
		5B86E53D2EE19FAD00482C26 /* Project object */ = {
			isa = PBXProject;
			attributes = {
				BuildIndependentTargetsInParallel = 1;
				LastSwiftUpdateCheck = 2610;
				LastUpgradeCheck = 2610;
				TargetAttributes = {
					5B86B9722EE7413C00482C26 = {
						CreatedOnToolsVersion = 26.1.1;
					};
				};
			};
			buildConfigurationList = 5B86E5402EE19FAD00482C26 /* Build configuration list for PBXProject "entelechia-chat" */;
			developmentRegion = en;
			hasScannedForEncodings = 0;
			knownRegions = (
				en,
				Base,
			);
			mainGroup = 5B86E53C2EE19FAD00482C26;
			minimizedProjectReferenceProxies = 1;
			packageReferences = (
				5BB6E2152EE775D90077AB81 /* XCLocalSwiftPackageReference "ChatUI" */,
				5BB6E2342EE810E90077AB81 /* XCLocalSwiftPackageReference "OntologyDomain" */,
				5BB6E2372EE810F40077AB81 /* XCLocalSwiftPackageReference "OntologyIntegration" */,
				5BB6E23A2EE811010077AB81 /* XCLocalSwiftPackageReference "OntologyFractal" */,
				5BB6E23D2EE8110B0077AB81 /* XCLocalSwiftPackageReference "OntologyIntelligence" */,
				5BB6E2402EE811150077AB81 /* XCLocalSwiftPackageReference "OntologyTeleology" */,
				5BB6E2432EE8111F0077AB81 /* XCLocalSwiftPackageReference "OntologyState" */,
				5BB6E2462EE811310077AB81 /* XCLocalSwiftPackageReference "OntologyAct" */,
				5BB6E2492EE8113B0077AB81 /* XCLocalSwiftPackageReference "OntologyCore" */,
				5BB6E24C2EE811520077AB81 /* XCLocalSwiftPackageReference "AppCoreEngine" */,
				5BB6E2872EE847350077AB81 /* XCLocalSwiftPackageReference "AppComposition" */,
			);
			preferredProjectObjectVersion = 77;
			productRefGroup = 5B86E5462EE19FAD00482C26 /* Products */;
			projectDirPath = "";
			projectRoot = "";
			targets = (
				5B86B9722EE7413C00482C26 /* EntelechiaChat */,
			);
		};
/* End PBXProject section */

/* Begin PBXResourcesBuildPhase section */
		5B86B9712EE7413C00482C26 /* Resources */ = {
			isa = PBXResourcesBuildPhase;
			buildActionMask = 2147483647;
			files = (
			);
			runOnlyForDeploymentPostprocessing = 0;
		};
/* End PBXResourcesBuildPhase section */

/* Begin PBXSourcesBuildPhase section */
		5B86B96F2EE7413C00482C26 /* Sources */ = {
			isa = PBXSourcesBuildPhase;
			buildActionMask = 2147483647;
			files = (
			);
			runOnlyForDeploymentPostprocessing = 0;
		};
/* End PBXSourcesBuildPhase section */

/* Begin XCBuildConfiguration section */
		5B86B97C2EE7413F00482C26 /* Debug */ = {
			isa = XCBuildConfiguration;
			buildSettings = {
				ASSETCATALOG_COMPILER_APPICON_NAME = AppIcon;
				ASSETCATALOG_COMPILER_GLOBAL_ACCENT_COLOR_NAME = AccentColor;
				CODE_SIGN_STYLE = Automatic;
				COMBINE_HIDPI_IMAGES = YES;
				CURRENT_PROJECT_VERSION = 1;
				ENABLE_APP_SANDBOX = YES;
				ENABLE_PREVIEWS = YES;
				ENABLE_USER_SELECTED_FILES = readonly;
				GENERATE_INFOPLIST_FILE = YES;
				INFOPLIST_KEY_NSHumanReadableCopyright = "";
				LD_RUNPATH_SEARCH_PATHS = (
					"$(inherited)",
					"@executable_path/../Frameworks",
				);
				MARKETING_VERSION = 1.0;
				PRODUCT_BUNDLE_IDENTIFIER = cath.EntelechiaChat;
				PRODUCT_NAME = "$(TARGET_NAME)";
				REGISTER_APP_GROUPS = YES;
				STRING_CATALOG_GENERATE_SYMBOLS = YES;
				SWIFT_APPROACHABLE_CONCURRENCY = YES;
				SWIFT_DEFAULT_ACTOR_ISOLATION = MainActor;
				SWIFT_EMIT_LOC_STRINGS = YES;
				SWIFT_UPCOMING_FEATURE_MEMBER_IMPORT_VISIBILITY = YES;
				SWIFT_VERSION = 5.0;
			};
			name = Debug;
		};
		5B86B97D2EE7413F00482C26 /* Release */ = {
			isa = XCBuildConfiguration;
			buildSettings = {
				ASSETCATALOG_COMPILER_APPICON_NAME = AppIcon;
				ASSETCATALOG_COMPILER_GLOBAL_ACCENT_COLOR_NAME = AccentColor;
				CODE_SIGN_STYLE = Automatic;
				COMBINE_HIDPI_IMAGES = YES;
				CURRENT_PROJECT_VERSION = 1;
				ENABLE_APP_SANDBOX = YES;
				ENABLE_PREVIEWS = YES;
				ENABLE_USER_SELECTED_FILES = readonly;
				GENERATE_INFOPLIST_FILE = YES;
				INFOPLIST_KEY_NSHumanReadableCopyright = "";
				LD_RUNPATH_SEARCH_PATHS = (
					"$(inherited)",
					"@executable_path/../Frameworks",
				);
				MARKETING_VERSION = 1.0;
				PRODUCT_BUNDLE_IDENTIFIER = cath.EntelechiaChat;
				PRODUCT_NAME = "$(TARGET_NAME)";
				REGISTER_APP_GROUPS = YES;
				STRING_CATALOG_GENERATE_SYMBOLS = YES;
				SWIFT_APPROACHABLE_CONCURRENCY = YES;
				SWIFT_DEFAULT_ACTOR_ISOLATION = MainActor;
				SWIFT_EMIT_LOC_STRINGS = YES;
				SWIFT_UPCOMING_FEATURE_MEMBER_IMPORT_VISIBILITY = YES;
				SWIFT_VERSION = 5.0;
			};
			name = Release;
		};
		5B86E54E2EE19FAF00482C26 /* Debug */ = {
			isa = XCBuildConfiguration;
			buildSettings = {
				ALWAYS_SEARCH_USER_PATHS = NO;
				ASSETCATALOG_COMPILER_GENERATE_SWIFT_ASSET_SYMBOL_EXTENSIONS = YES;
				CLANG_ANALYZER_NONNULL = YES;
				CLANG_ANALYZER_NUMBER_OBJECT_CONVERSION = YES_AGGRESSIVE;
				CLANG_CXX_LANGUAGE_STANDARD = "gnu++20";
				CLANG_ENABLE_MODULES = YES;
				CLANG_ENABLE_OBJC_ARC = YES;
				CLANG_ENABLE_OBJC_WEAK = YES;
				CLANG_WARN_BLOCK_CAPTURE_AUTORELEASING = YES;
				CLANG_WARN_BOOL_CONVERSION = YES;
				CLANG_WARN_COMMA = YES;
				CLANG_WARN_CONSTANT_CONVERSION = YES;
				CLANG_WARN_DEPRECATED_OBJC_IMPLEMENTATIONS = YES;
				CLANG_WARN_DIRECT_OBJC_ISA_USAGE = YES_ERROR;
				CLANG_WARN_DOCUMENTATION_COMMENTS = YES;
				CLANG_WARN_EMPTY_BODY = YES;
				CLANG_WARN_ENUM_CONVERSION = YES;
				CLANG_WARN_INFINITE_RECURSION = YES;
				CLANG_WARN_INT_CONVERSION = YES;
				CLANG_WARN_NON_LITERAL_NULL_CONVERSION = YES;
				CLANG_WARN_OBJC_IMPLICIT_RETAIN_SELF = YES;
				CLANG_WARN_OBJC_LITERAL_CONVERSION = YES;
				CLANG_WARN_OBJC_ROOT_CLASS = YES_ERROR;
				CLANG_WARN_QUOTED_INCLUDE_IN_FRAMEWORK_HEADER = YES;
				CLANG_WARN_RANGE_LOOP_ANALYSIS = YES;
				CLANG_WARN_STRICT_PROTOTYPES = YES;
				CLANG_WARN_SUSPICIOUS_MOVE = YES;
				CLANG_WARN_UNGUARDED_AVAILABILITY = YES_AGGRESSIVE;
				CLANG_WARN_UNREACHABLE_CODE = YES;
				CLANG_WARN__DUPLICATE_METHOD_MATCH = YES;
				COPY_PHASE_STRIP = NO;
				DEBUG_INFORMATION_FORMAT = dwarf;
				ENABLE_STRICT_OBJC_MSGSEND = YES;
				ENABLE_TESTABILITY = YES;
				ENABLE_USER_SCRIPT_SANDBOXING = YES;
				EXCLUDED_RECURSIVE_SEARCH_PATH_SUBDIRECTORIES = ".git .build .swift-module-cache";
				EXCLUDED_SOURCE_FILE_NAMES = (
					Folder.ent,
					Folder.topology.json,
					generateOntology.swift,
				);
				GCC_C_LANGUAGE_STANDARD = gnu17;
				GCC_DYNAMIC_NO_PIC = NO;
				GCC_NO_COMMON_BLOCKS = YES;
				GCC_OPTIMIZATION_LEVEL = 0;
				GCC_PREPROCESSOR_DEFINITIONS = (
					"DEBUG=1",
					"$(inherited)",
				);
				GCC_WARN_64_TO_32_BIT_CONVERSION = YES;
				GCC_WARN_ABOUT_RETURN_TYPE = YES_ERROR;
				GCC_WARN_UNDECLARED_SELECTOR = YES;
				GCC_WARN_UNINITIALIZED_AUTOS = YES_AGGRESSIVE;
				GCC_WARN_UNUSED_FUNCTION = YES;
				GCC_WARN_UNUSED_VARIABLE = YES;
				LOCALIZATION_PREFERS_STRING_CATALOGS = YES;
				MACOSX_DEPLOYMENT_TARGET = 26.1;
				MTL_ENABLE_DEBUG_INFO = INCLUDE_SOURCE;
				MTL_FAST_MATH = YES;
				ONLY_ACTIVE_ARCH = YES;
				SDKROOT = macosx;
				SWIFT_ACTIVE_COMPILATION_CONDITIONS = "DEBUG $(inherited)";
				SWIFT_OPTIMIZATION_LEVEL = "-Onone";
			};
			name = Debug;
		};
		5B86E54F2EE19FAF00482C26 /* Release */ = {
			isa = XCBuildConfiguration;
			buildSettings = {
				ALWAYS_SEARCH_USER_PATHS = NO;
				ASSETCATALOG_COMPILER_GENERATE_SWIFT_ASSET_SYMBOL_EXTENSIONS = YES;
				CLANG_ANALYZER_NONNULL = YES;
				CLANG_ANALYZER_NUMBER_OBJECT_CONVERSION = YES_AGGRESSIVE;
				CLANG_CXX_LANGUAGE_STANDARD = "gnu++20";
				CLANG_ENABLE_MODULES = YES;
				CLANG_ENABLE_OBJC_ARC = YES;
				CLANG_ENABLE_OBJC_WEAK = YES;
				CLANG_WARN_BLOCK_CAPTURE_AUTORELEASING = YES;
				CLANG_WARN_BOOL_CONVERSION = YES;
				CLANG_WARN_COMMA = YES;
				CLANG_WARN_CONSTANT_CONVERSION = YES;
				CLANG_WARN_DEPRECATED_OBJC_IMPLEMENTATIONS = YES;
				CLANG_WARN_DIRECT_OBJC_ISA_USAGE = YES_ERROR;
				CLANG_WARN_DOCUMENTATION_COMMENTS = YES;
				CLANG_WARN_EMPTY_BODY = YES;
				CLANG_WARN_ENUM_CONVERSION = YES;
				CLANG_WARN_INFINITE_RECURSION = YES;
				CLANG_WARN_INT_CONVERSION = YES;
				CLANG_WARN_NON_LITERAL_NULL_CONVERSION = YES;
				CLANG_WARN_OBJC_IMPLICIT_RETAIN_SELF = YES;
				CLANG_WARN_OBJC_LITERAL_CONVERSION = YES;
				CLANG_WARN_OBJC_ROOT_CLASS = YES_ERROR;
				CLANG_WARN_QUOTED_INCLUDE_IN_FRAMEWORK_HEADER = YES;
				CLANG_WARN_RANGE_LOOP_ANALYSIS = YES;
				CLANG_WARN_STRICT_PROTOTYPES = YES;
				CLANG_WARN_SUSPICIOUS_MOVE = YES;
				CLANG_WARN_UNGUARDED_AVAILABILITY = YES_AGGRESSIVE;
				CLANG_WARN_UNREACHABLE_CODE = YES;
				CLANG_WARN__DUPLICATE_METHOD_MATCH = YES;
				COPY_PHASE_STRIP = NO;
				DEBUG_INFORMATION_FORMAT = "dwarf-with-dsym";
				ENABLE_NS_ASSERTIONS = NO;
				ENABLE_STRICT_OBJC_MSGSEND = YES;
				ENABLE_USER_SCRIPT_SANDBOXING = YES;
				EXCLUDED_RECURSIVE_SEARCH_PATH_SUBDIRECTORIES = ".git .build .swift-module-cache";
				EXCLUDED_SOURCE_FILE_NAMES = (
					Folder.ent,
					Folder.topology.json,
					generateOntology.swift,
				);
				GCC_C_LANGUAGE_STANDARD = gnu17;
				GCC_NO_COMMON_BLOCKS = YES;
				GCC_WARN_64_TO_32_BIT_CONVERSION = YES;
				GCC_WARN_ABOUT_RETURN_TYPE = YES_ERROR;
				GCC_WARN_UNDECLARED_SELECTOR = YES;
				GCC_WARN_UNINITIALIZED_AUTOS = YES_AGGRESSIVE;
				GCC_WARN_UNUSED_FUNCTION = YES;
				GCC_WARN_UNUSED_VARIABLE = YES;
				LOCALIZATION_PREFERS_STRING_CATALOGS = YES;
				MACOSX_DEPLOYMENT_TARGET = 26.1;
				MTL_ENABLE_DEBUG_INFO = NO;
				MTL_FAST_MATH = YES;
				SDKROOT = macosx;
				SWIFT_COMPILATION_MODE = wholemodule;
			};
			name = Release;
		};
/* End XCBuildConfiguration section */

/* Begin XCConfigurationList section */
		5B86B97B2EE7413F00482C26 /* Build configuration list for PBXNativeTarget "EntelechiaChat" */ = {
			isa = XCConfigurationList;
			buildConfigurations = (
				5B86B97C2EE7413F00482C26 /* Debug */,
				5B86B97D2EE7413F00482C26 /* Release */,
			);
			defaultConfigurationIsVisible = 0;
			defaultConfigurationName = Release;
		};
		5B86E5402EE19FAD00482C26 /* Build configuration list for PBXProject "entelechia-chat" */ = {
			isa = XCConfigurationList;
			buildConfigurations = (
				5B86E54E2EE19FAF00482C26 /* Debug */,
				5B86E54F2EE19FAF00482C26 /* Release */,
			);
			defaultConfigurationIsVisible = 0;
			defaultConfigurationName = Release;
		};
/* End XCConfigurationList section */

/* Begin XCLocalSwiftPackageReference section */
		5BB6E2152EE775D90077AB81 /* XCLocalSwiftPackageReference "ChatUI" */ = {
			isa = XCLocalSwiftPackageReference;
			relativePath = ChatUI;
		};
		5BB6E2342EE810E90077AB81 /* XCLocalSwiftPackageReference "OntologyDomain" */ = {
			isa = XCLocalSwiftPackageReference;
			relativePath = OntologyDomain;
		};
		5BB6E2372EE810F40077AB81 /* XCLocalSwiftPackageReference "OntologyIntegration" */ = {
			isa = XCLocalSwiftPackageReference;
			relativePath = OntologyIntegration;
		};
		5BB6E23A2EE811010077AB81 /* XCLocalSwiftPackageReference "OntologyFractal" */ = {
			isa = XCLocalSwiftPackageReference;
			relativePath = OntologyFractal;
		};
		5BB6E23D2EE8110B0077AB81 /* XCLocalSwiftPackageReference "OntologyIntelligence" */ = {
			isa = XCLocalSwiftPackageReference;
			relativePath = OntologyIntelligence;
		};
		5BB6E2402EE811150077AB81 /* XCLocalSwiftPackageReference "OntologyTeleology" */ = {
			isa = XCLocalSwiftPackageReference;
			relativePath = OntologyTeleology;
		};
		5BB6E2432EE8111F0077AB81 /* XCLocalSwiftPackageReference "OntologyState" */ = {
			isa = XCLocalSwiftPackageReference;
			relativePath = OntologyState;
		};
		5BB6E2462EE811310077AB81 /* XCLocalSwiftPackageReference "OntologyAct" */ = {
			isa = XCLocalSwiftPackageReference;
			relativePath = OntologyAct;
		};
		5BB6E2492EE8113B0077AB81 /* XCLocalSwiftPackageReference "OntologyCore" */ = {
			isa = XCLocalSwiftPackageReference;
			relativePath = OntologyCore;
		};
		5BB6E24C2EE811520077AB81 /* XCLocalSwiftPackageReference "AppCoreEngine" */ = {
			isa = XCLocalSwiftPackageReference;
			relativePath = AppCoreEngine;
		};
		5BB6E2872EE847350077AB81 /* XCLocalSwiftPackageReference "AppComposition" */ = {
			isa = XCLocalSwiftPackageReference;
			relativePath = AppComposition;
		};
/* End XCLocalSwiftPackageReference section */

/* Begin XCSwiftPackageProductDependency section */
		5B86B97F2EE741B600482C26 /* ChatUI */ = {
			isa = XCSwiftPackageProductDependency;
			productName = ChatUI;
		};
		5BB6E2162EE775D90077AB81 /* ChatUI */ = {
			isa = XCSwiftPackageProductDependency;
			productName = ChatUI;
		};
		5BB6E2352EE810E90077AB81 /* OntologyDomain */ = {
			isa = XCSwiftPackageProductDependency;
			productName = OntologyDomain;
		};
		5BB6E2382EE810F40077AB81 /* OntologyIntegration */ = {
			isa = XCSwiftPackageProductDependency;
			productName = OntologyIntegration;
		};
		5BB6E23B2EE811010077AB81 /* OntologyFractal */ = {
			isa = XCSwiftPackageProductDependency;
			productName = OntologyFractal;
		};
		5BB6E23E2EE8110B0077AB81 /* OntologyIntelligence */ = {
			isa = XCSwiftPackageProductDependency;
			productName = OntologyIntelligence;
		};
		5BB6E2412EE811150077AB81 /* OntologyTeleology */ = {
			isa = XCSwiftPackageProductDependency;
			productName = OntologyTeleology;
		};
		5BB6E2442EE8111F0077AB81 /* OntologyState */ = {
			isa = XCSwiftPackageProductDependency;
			productName = OntologyState;
		};
		5BB6E2472EE811320077AB81 /* OntologyAct */ = {
			isa = XCSwiftPackageProductDependency;
			productName = OntologyAct;
		};
		5BB6E24A2EE8113C0077AB81 /* OntologyCore */ = {
			isa = XCSwiftPackageProductDependency;
			productName = OntologyCore;
		};
		5BB6E24D2EE811520077AB81 /* AppCoreEngine */ = {
			isa = XCSwiftPackageProductDependency;
			productName = AppCoreEngine;
		};
		5BB6E2882EE847350077AB81 /* AppComposition */ = {
			isa = XCSwiftPackageProductDependency;
			productName = AppComposition;
		};
/* End XCSwiftPackageProductDependency section */
	};
	rootObject = 5B86E53D2EE19FAD00482C26 /* Project object */;
}
